{
  "requires": true,
  "lockfileVersion": 1,
  "dependencies": {
    "@urql/core": {
      "version": "1.12.3",
      "resolved": "https://registry.npmjs.org/@urql/core/-/core-1.12.3.tgz",
      "integrity": "sha512-e4IXXQ4nes3KyusgYV925DuzfDAfo4ex7Ls3tZfOExkxEcXh0i0XnizXp0rvZmWRch69YCkc+Lh1Gy2aY49HTQ==",
      "requires": {
        "wonka": "^4.0.14"
      }
    },
    "graphql": {
      "version": "15.3.0",
      "resolved": "https://registry.npmjs.org/graphql/-/graphql-15.3.0.tgz",
      "integrity": "sha512-GTCJtzJmkFLWRfFJuoo9RWWa/FfamUHgiFosxi/X1Ani4AVWbeyBenZTNX6dM+7WSbbFfTo/25eh0LLkwHMw2w=="
    },
    "urql": {
      "version": "1.10.0",
      "resolved": "https://registry.npmjs.org/urql/-/urql-1.10.0.tgz",
      "integrity": "sha512-Cxx1INTWNUMg9A2gyltqNqukOLFVtztkHxFGfv01OvsFAtR+wCmLyJqIzGUZRKVbKepTLocGbelS7QDxtjcqtg==",
      "requires": {
        "@urql/core": "^1.12.3",
        "wonka": "^4.0.14"
      }
    },
    "wonka": {
      "version": "4.0.14",
      "resolved": "https://registry.npmjs.org/wonka/-/wonka-4.0.14.tgz",
      "integrity": "sha512-v9vmsTxpZjrA8CYfztbuoTQSHEsG3ZH+NCYfasHm0V3GqBupXrjuuz0RJyUaw2cRO7ouW2js0P6i853/qxlDcA=="
    }
  }
}
